
Microsoft Visual Studio Solution File, Format Version 12.00
# Visual Studio Version 16
VisualStudioVersion = 16.0.31205.134
MinimumVisualStudioVersion = 10.0.40219.1
Project("{FAE04EC0-301F-11D3-BF4B-00C04F79EFBC}") = "GliderMod", "GliderMod.csproj", "{5D378D6C-582E-4F7A-9804-BF3C11296556}"
EndProject
Global
	GlobalSection(SolutionConfigurationPlatforms) = preSolution
		Debug|Any CPU = Debug|Any CPU
		Release|Any CPU = Release|Any CPU
	EndGlobalSection
	GlobalSection(ProjectConfigurationPlatforms) = postSolution
		{5D378D6C-582E-4F7A-9804-BF3C11296556}.Debug|Any CPU.ActiveCfg = Debug|Any CPU
		{5D378D6C-582E-4F7A-9804-BF3C11296556}.Debug|Any CPU.Build.0 = Debug|Any CPU
		{5D378D6C-582E-4F7A-9804-BF3C11296556}.Release|Any CPU.ActiveCfg = Release|Any CPU
		{5D378D6C-582E-4F7A-9804-BF3C11296556}.Release|Any CPU.Build.0 = Release|Any CPU
	EndGlobalSection
	GlobalSection(SolutionProperties) = preSolution
		HideSolutionNode = FALSE
	EndGlobalSection
	GlobalSection(ExtensibilityGlobals) = postSolution
		SolutionGuid = {40477E5C-3819-4021-9B36-3E3EC2B7FA3E}
	EndGlobalSection
EndGlobal
